// !$*UTF8*$!
{
	archiveVersion = 1;
	classes = {
	};
	objectVersion = 77;
	objects = {

/* Begin PBXContainerItemProxy section */
		68C2DD612D0B520100E5446A /* PBXContainerItemProxy */ = {
			isa = PBXContainerItemProxy;
			containerPortal = 68C2DD442D0B520000E5446A /* Project object */;
			proxyType = 1;
			remoteGlobalIDString = 68C2DD4B2D0B520100E5446A;
			remoteInfo = "Voice Clipboard";
		};
		68C2DD6B2D0B520100E5446A /* PBXContainerItemProxy */ = {
			isa = PBXContainerItemProxy;
			containerPortal = 68C2DD442D0B520000E5446A /* Project object */;
			proxyType = 1;
			remoteGlobalIDString = 68C2DD4B2D0B520100E5446A;
			remoteInfo = "Voice Clipboard";
		};
/* End PBXContainerItemProxy section */

/* Begin PBXFileReference section */
		68C2DD4C2D0B520100E5446A /* Voice Clipboard.app */ = {isa = PBXFileReference; explicitFileType = wrapper.application; includeInIndex = 0; path = "Voice Clipboard.app"; sourceTree = BUILT_PRODUCTS_DIR; };
		68C2DD602D0B520100E5446A /* Voice ClipboardTests.xctest */ = {isa = PBXFileReference; explicitFileType = wrapper.cfbundle; includeInIndex = 0; path = "Voice ClipboardTests.xctest"; sourceTree = BUILT_PRODUCTS_DIR; };
		68C2DD6A2D0B520100E5446A /* Voice ClipboardUITests.xctest */ = {isa = PBXFileReference; explicitFileType = wrapper.cfbundle; includeInIndex = 0; path = "Voice ClipboardUITests.xctest"; sourceTree = BUILT_PRODUCTS_DIR; };
/* End PBXFileReference section */

/* Begin PBXFileSystemSynchronizedBuildFileExceptionSet section */
		68C2DD722D0B520100E5446A /* Exceptions for "Voice Clipboard" folder in "Voice Clipboard" target */ = {
			isa = PBXFileSystemSynchronizedBuildFileExceptionSet;
			membershipExceptions = (
				Info.plist,
			);
			target = 68C2DD4B2D0B520100E5446A /* Voice Clipboard */;
		};
/* End PBXFileSystemSynchronizedBuildFileExceptionSet section */

/* Begin PBXFileSystemSynchronizedRootGroup section */
		68C2DD4E2D0B520100E5446A /* Voice Clipboard */ = {
			isa = PBXFileSystemSynchronizedRootGroup;
			exceptions = (
				68C2DD722D0B520100E5446A /* Exceptions for "Voice Clipboard" folder in "Voice Clipboard" target */,
			);
			path = "Voice Clipboard";
			sourceTree = "<group>";
		};
		68C2DD632D0B520100E5446A /* Voice ClipboardTests */ = {
			isa = PBXFileSystemSynchronizedRootGroup;
			path = "Voice ClipboardTests";
			sourceTree = "<group>";
		};
		68C2DD6D2D0B520100E5446A /* Voice ClipboardUITests */ = {
			isa = PBXFileSystemSynchronizedRootGroup;
			path = "Voice ClipboardUITests";
			sourceTree = "<group>";
		};
/* End PBXFileSystemSynchronizedRootGroup section */

/* Begin PBXFrameworksBuildPhase section */
		68C2DD492D0B520100E5446A /* Frameworks */ = {
			isa = PBXFrameworksBuildPhase;
			buildActionMask = 2147483647;
			files = (
			);
			runOnlyForDeploymentPostprocessing = 0;
		};
		68C2DD5D2D0B520100E5446A /* Frameworks */ = {
			isa = PBXFrameworksBuildPhase;
			buildActionMask = 2147483647;
			files = (
			);
			runOnlyForDeploymentPostprocessing = 0;
		};
		68C2DD672D0B520100E5446A /* Frameworks */ = {
			isa = PBXFrameworksBuildPhase;
			buildActionMask = 2147483647;
			files = (
			);
			runOnlyForDeploymentPostprocessing = 0;
		};
/* End PBXFrameworksBuildPhase section */

/* Begin PBXGroup section */
		68C2DD432D0B520000E5446A = {
			isa = PBXGroup;
			children = (
				68C2DD4E2D0B520100E5446A /* Voice Clipboard */,
				68C2DD632D0B520100E5446A /* Voice ClipboardTests */,
				68C2DD6D2D0B520100E5446A /* Voice ClipboardUITests */,
				68C2DD4D2D0B520100E5446A /* Products */,
			);
			sourceTree = "<group>";
		};
		68C2DD4D2D0B520100E5446A /* Products */ = {
			isa = PBXGroup;
			children = (
				68C2DD4C2D0B520100E5446A /* Voice Clipboard.app */,
				68C2DD602D0B520100E5446A /* Voice ClipboardTests.xctest */,
				68C2DD6A2D0B520100E5446A /* Voice ClipboardUITests.xctest */,
			);
			name = Products;
			sourceTree = "<group>";
		};
/* End PBXGroup section */

/* Begin PBXNativeTarget section */
		68C2DD4B2D0B520100E5446A /* Voice Clipboard */ = {
			isa = PBXNativeTarget;
			buildConfigurationList = 68C2DD732D0B520100E5446A /* Build configuration list for PBXNativeTarget "Voice Clipboard" */;
			buildPhases = (
				68C2DD482D0B520100E5446A /* Sources */,
				68C2DD492D0B520100E5446A /* Frameworks */,
				68C2DD4A2D0B520100E5446A /* Resources */,
			);
			buildRules = (
			);
			dependencies = (
			);
			fileSystemSynchronizedGroups = (
				68C2DD4E2D0B520100E5446A /* Voice Clipboard */,
			);
			name = "Voice Clipboard";
			packageProductDependencies = (
			);
			productName = "Voice Clipboard";
			productReference = 68C2DD4C2D0B520100E5446A /* Voice Clipboard.app */;
			productType = "com.apple.product-type.application";
		};
		68C2DD5F2D0B520100E5446A /* Voice ClipboardTests */ = {
			isa = PBXNativeTarget;
			buildConfigurationList = 68C2DD782D0B520100E5446A /* Build configuration list for PBXNativeTarget "Voice ClipboardTests" */;
			buildPhases = (
				68C2DD5C2D0B520100E5446A /* Sources */,
				68C2DD5D2D0B520100E5446A /* Frameworks */,
				68C2DD5E2D0B520100E5446A /* Resources */,
			);
			buildRules = (
			);
			dependencies = (
				68C2DD622D0B520100E5446A /* PBXTargetDependency */,
			);
			fileSystemSynchronizedGroups = (
				68C2DD632D0B520100E5446A /* Voice ClipboardTests */,
			);
			name = "Voice ClipboardTests";
			packageProductDependencies = (
			);
			productName = "Voice ClipboardTests";
			productReference = 68C2DD602D0B520100E5446A /* Voice ClipboardTests.xctest */;
			productType = "com.apple.product-type.bundle.unit-test";
		};
		68C2DD692D0B520100E5446A /* Voice ClipboardUITests */ = {
			isa = PBXNativeTarget;
			buildConfigurationList = 68C2DD7B2D0B520100E5446A /* Build configuration list for PBXNativeTarget "Voice ClipboardUITests" */;
			buildPhases = (
				68C2DD662D0B520100E5446A /* Sources */,
				68C2DD672D0B520100E5446A /* Frameworks */,
				68C2DD682D0B520100E5446A /* Resources */,
			);
			buildRules = (
			);
			dependencies = (
				68C2DD6C2D0B520100E5446A /* PBXTargetDependency */,
			);
			fileSystemSynchronizedGroups = (
				68C2DD6D2D0B520100E5446A /* Voice ClipboardUITests */,
			);
			name = "Voice ClipboardUITests";
			packageProductDependencies = (
			);
			productName = "Voice ClipboardUITests";
			productReference = 68C2DD6A2D0B520100E5446A /* Voice ClipboardUITests.xctest */;
			productType = "com.apple.product-type.bundle.ui-testing";
		};
/* End PBXNativeTarget section */

/* Begin PBXProject section */
		68C2DD442D0B520000E5446A /* Project object */ = {
			isa = PBXProject;
			attributes = {
				BuildIndependentTargetsInParallel = 1;
				LastSwiftUpdateCheck = 1620;
				LastUpgradeCheck = 1620;
				TargetAttributes = {
					68C2DD4B2D0B520100E5446A = {
						CreatedOnToolsVersion = 16.2;
					};
					68C2DD5F2D0B520100E5446A = {
						CreatedOnToolsVersion = 16.2;
						TestTargetID = 68C2DD4B2D0B520100E5446A;
					};
					68C2DD692D0B520100E5446A = {
						CreatedOnToolsVersion = 16.2;
						TestTargetID = 68C2DD4B2D0B520100E5446A;
					};
				};
			};
			buildConfigurationList = 68C2DD472D0B520000E5446A /* Build configuration list for PBXProject "Voice Clipboard" */;
			developmentRegion = en;
			hasScannedForEncodings = 0;
			knownRegions = (
				en,
				Base,
			);
			mainGroup = 68C2DD432D0B520000E5446A;
			minimizedProjectReferenceProxies = 1;
			preferredProjectObjectVersion = 77;
			productRefGroup = 68C2DD4D2D0B520100E5446A /* Products */;
			projectDirPath = "";
			projectRoot = "";
			targets = (
				68C2DD4B2D0B520100E5446A /* Voice Clipboard */,
				68C2DD5F2D0B520100E5446A /* Voice ClipboardTests */,
				68C2DD692D0B520100E5446A /* Voice ClipboardUITests */,
			);
		};
/* End PBXProject section */

/* Begin PBXResourcesBuildPhase section */
		68C2DD4A2D0B520100E5446A /* Resources */ = {
			isa = PBXResourcesBuildPhase;
			buildActionMask = 2147483647;
			files = (
			);
			runOnlyForDeploymentPostprocessing = 0;
		};
		68C2DD5E2D0B520100E5446A /* Resources */ = {
			isa = PBXResourcesBuildPhase;
			buildActionMask = 2147483647;
			files = (
			);
			runOnlyForDeploymentPostprocessing = 0;
		};
		68C2DD682D0B520100E5446A /* Resources */ = {
			isa = PBXResourcesBuildPhase;
			buildActionMask = 2147483647;
			files = (
			);
			runOnlyForDeploymentPostprocessing = 0;
		};
/* End PBXResourcesBuildPhase section */

/* Begin PBXSourcesBuildPhase section */
		68C2DD482D0B520100E5446A /* Sources */ = {
			isa = PBXSourcesBuildPhase;
			buildActionMask = 2147483647;
			files = (
			);
			runOnlyForDeploymentPostprocessing = 0;
		};
		68C2DD5C2D0B520100E5446A /* Sources */ = {
			isa = PBXSourcesBuildPhase;
			buildActionMask = 2147483647;
			files = (
			);
			runOnlyForDeploymentPostprocessing = 0;
		};
		68C2DD662D0B520100E5446A /* Sources */ = {
			isa = PBXSourcesBuildPhase;
			buildActionMask = 2147483647;
			files = (
			);
			runOnlyForDeploymentPostprocessing = 0;
		};
/* End PBXSourcesBuildPhase section */

/* Begin PBXTargetDependency section */
		68C2DD622D0B520100E5446A /* PBXTargetDependency */ = {
			isa = PBXTargetDependency;
			target = 68C2DD4B2D0B520100E5446A /* Voice Clipboard */;
			targetProxy = 68C2DD612D0B520100E5446A /* PBXContainerItemProxy */;
		};
		68C2DD6C2D0B520100E5446A /* PBXTargetDependency */ = {
			isa = PBXTargetDependency;
			target = 68C2DD4B2D0B520100E5446A /* Voice Clipboard */;
			targetProxy = 68C2DD6B2D0B520100E5446A /* PBXContainerItemProxy */;
		};
/* End PBXTargetDependency section */

/* Begin XCBuildConfiguration section */
		68C2DD742D0B520100E5446A /* Debug */ = {
			isa = XCBuildConfiguration;
			buildSettings = {
				ASSETCATALOG_COMPILER_APPICON_NAME = AppIcon;
				ASSETCATALOG_COMPILER_GLOBAL_ACCENT_COLOR_NAME = AccentColor;
				CODE_SIGN_ENTITLEMENTS = "Voice Clipboard/Voice_Clipboard.entitlements";
				CODE_SIGN_STYLE = Automatic;
				CURRENT_PROJECT_VERSION = 1;
				DEVELOPMENT_ASSET_PATHS = "\"Voice Clipboard/Preview Content\"";
				DEVELOPMENT_TEAM = QJXN2VNPT8;
				ENABLE_PREVIEWS = YES;
				GENERATE_INFOPLIST_FILE = YES;
				INFOPLIST_FILE = "Voice Clipboard/Info.plist";
				INFOPLIST_KEY_UIApplicationSceneManifest_Generation = YES;
				INFOPLIST_KEY_UIApplicationSupportsIndirectInputEvents = YES;
				INFOPLIST_KEY_UILaunchScreen_Generation = YES;
				INFOPLIST_KEY_UISupportedInterfaceOrientations_iPad = "UIInterfaceOrientationPortrait UIInterfaceOrientationPortraitUpsideDown UIInterfaceOrientationLandscapeLeft UIInterfaceOrientationLandscapeRight";
				INFOPLIST_KEY_UISupportedInterfaceOrientations_iPhone = "UIInterfaceOrientationPortrait UIInterfaceOrientationLandscapeLeft UIInterfaceOrientationLandscapeRight";
				LD_RUNPATH_SEARCH_PATHS = (
					"$(inherited)",
					"@executable_path/Frameworks",
				);
				MARKETING_VERSION = 1.0;
				PRODUCT_BUNDLE_IDENTIFIER = "com.ADogsLifeProductions.Voice-Clipboard";
				PRODUCT_NAME = "$(TARGET_NAME)";
				SWIFT_EMIT_LOC_STRINGS = YES;
				SWIFT_VERSION = 5.0;
				TARGETED_DEVICE_FAMILY = "1,2";
			};
			name = Debug;
		};
		68C2DD752D0B520100E5446A /* Release */ = {
			isa = XCBuildConfiguration;
			buildSettings = {
				ASSETCATALOG_COMPILER_APPICON_NAME = AppIcon;
				ASSETCATALOG_COMPILER_GLOBAL_ACCENT_COLOR_NAME = AccentColor;
				CODE_SIGN_ENTITLEMENTS = "Voice Clipboard/Voice_Clipboard.entitlements";
				CODE_SIGN_STYLE = Automatic;
				CURRENT_PROJECT_VERSION = 1;
				DEVELOPMENT_ASSET_PATHS = "\"Voice Clipboard/Preview Content\"";
				DEVELOPMENT_TEAM = QJXN2VNPT8;
				ENABLE_PREVIEWS = YES;
				GENERATE_INFOPLIST_FILE = YES;
				INFOPLIST_FILE = "Voice Clipboard/Info.plist";
				INFOPLIST_KEY_UIApplicationSceneManifest_Generation = YES;
				INFOPLIST_KEY_UIApplicationSupportsIndirectInputEvents = YES;
				INFOPLIST_KEY_UILaunchScreen_Generation = YES;
				INFOPLIST_KEY_UISupportedInterfaceOrientations_iPad = "UIInterfaceOrientationPortrait UIInterfaceOrientationPortraitUpsideDown UIInterfaceOrientationLandscapeLeft UIInterfaceOrientationLandscapeRight";
				INFOPLIST_KEY_UISupportedInterfaceOrientations_iPhone = "UIInterfaceOrientationPortrait UIInterfaceOrientationLandscapeLeft UIInterfaceOrientationLandscapeRight";
				LD_RUNPATH_SEARCH_PATHS = (
					"$(inherited)",
					"@executable_path/Frameworks",
				);
				MARKETING_VERSION = 1.0;
				PRODUCT_BUNDLE_IDENTIFIER = "com.ADogsLifeProductions.Voice-Clipboard";
				PRODUCT_NAME = "$(TARGET_NAME)";
				SWIFT_EMIT_LOC_STRINGS = YES;
				SWIFT_VERSION = 5.0;
				TARGETED_DEVICE_FAMILY = "1,2";
			};
			name = Release;
		};
		68C2DD762D0B520100E5446A /* Debug */ = {
			isa = XCBuildConfiguration;
			buildSettings = {
				ALWAYS_SEARCH_USER_PATHS = NO;
				ASSETCATALOG_COMPILER_GENERATE_SWIFT_ASSET_SYMBOL_EXTENSIONS = YES;
				CLANG_ANALYZER_NONNULL = YES;
				CLANG_ANALYZER_NUMBER_OBJECT_CONVERSION = YES_AGGRESSIVE;
				CLANG_CXX_LANGUAGE_STANDARD = "gnu++20";
				CLANG_ENABLE_MODULES = YES;
				CLANG_ENABLE_OBJC_ARC = YES;
				CLANG_ENABLE_OBJC_WEAK = YES;
				CLANG_WARN_BLOCK_CAPTURE_AUTORELEASING = YES;
				CLANG_WARN_BOOL_CONVERSION = YES;
				CLANG_WARN_COMMA = YES;
				CLANG_WARN_CONSTANT_CONVERSION = YES;
				CLANG_WARN_DEPRECATED_OBJC_IMPLEMENTATIONS = YES;
				CLANG_WARN_DIRECT_OBJC_ISA_USAGE = YES_ERROR;
				CLANG_WARN_DOCUMENTATION_COMMENTS = YES;
				CLANG_WARN_EMPTY_BODY = YES;
				CLANG_WARN_ENUM_CONVERSION = YES;
				CLANG_WARN_INFINITE_RECURSION = YES;
				CLANG_WARN_INT_CONVERSION = YES;
				CLANG_WARN_NON_LITERAL_NULL_CONVERSION = YES;
				CLANG_WARN_OBJC_IMPLICIT_RETAIN_SELF = YES;
				CLANG_WARN_OBJC_LITERAL_CONVERSION = YES;
				CLANG_WARN_OBJC_ROOT_CLASS = YES_ERROR;
				CLANG_WARN_QUOTED_INCLUDE_IN_FRAMEWORK_HEADER = YES;
				CLANG_WARN_RANGE_LOOP_ANALYSIS = YES;
				CLANG_WARN_STRICT_PROTOTYPES = YES;
				CLANG_WARN_SUSPICIOUS_MOVE = YES;
				CLANG_WARN_UNGUARDED_AVAILABILITY = YES_AGGRESSIVE;
				CLANG_WARN_UNREACHABLE_CODE = YES;
				CLANG_WARN__DUPLICATE_METHOD_MATCH = YES;
				COPY_PHASE_STRIP = NO;
				DEBUG_INFORMATION_FORMAT = dwarf;
				ENABLE_STRICT_OBJC_MSGSEND = YES;
				ENABLE_TESTABILITY = YES;
				ENABLE_USER_SCRIPT_SANDBOXING = YES;
				GCC_C_LANGUAGE_STANDARD = gnu17;
				GCC_DYNAMIC_NO_PIC = NO;
				GCC_NO_COMMON_BLOCKS = YES;
				GCC_OPTIMIZATION_LEVEL = 0;
				GCC_PREPROCESSOR_DEFINITIONS = (
					"DEBUG=1",
					"$(inherited)",
				);
				GCC_WARN_64_TO_32_BIT_CONVERSION = YES;
				GCC_WARN_ABOUT_RETURN_TYPE = YES_ERROR;
				GCC_WARN_UNDECLARED_SELECTOR = YES;
				GCC_WARN_UNINITIALIZED_AUTOS = YES_AGGRESSIVE;
				GCC_WARN_UNUSED_FUNCTION = YES;
				GCC_WARN_UNUSED_VARIABLE = YES;
				IPHONEOS_DEPLOYMENT_TARGET = 18.2;
				LOCALIZATION_PREFERS_STRING_CATALOGS = YES;
				MTL_ENABLE_DEBUG_INFO = INCLUDE_SOURCE;
				MTL_FAST_MATH = YES;
				ONLY_ACTIVE_ARCH = YES;
				SDKROOT = iphoneos;
				SWIFT_ACTIVE_COMPILATION_CONDITIONS = "DEBUG $(inherited)";
				SWIFT_OPTIMIZATION_LEVEL = "-Onone";
			};
			name = Debug;
		};
		68C2DD772D0B520100E5446A /* Release */ = {
			isa = XCBuildConfiguration;
			buildSettings = {
				ALWAYS_SEARCH_USER_PATHS = NO;
				ASSETCATALOG_COMPILER_GENERATE_SWIFT_ASSET_SYMBOL_EXTENSIONS = YES;
				CLANG_ANALYZER_NONNULL = YES;
				CLANG_ANALYZER_NUMBER_OBJECT_CONVERSION = YES_AGGRESSIVE;
				CLANG_CXX_LANGUAGE_STANDARD = "gnu++20";
				CLANG_ENABLE_MODULES = YES;
				CLANG_ENABLE_OBJC_ARC = YES;
				CLANG_ENABLE_OBJC_WEAK = YES;
				CLANG_WARN_BLOCK_CAPTURE_AUTORELEASING = YES;
				CLANG_WARN_BOOL_CONVERSION = YES;
				CLANG_WARN_COMMA = YES;
				CLANG_WARN_CONSTANT_CONVERSION = YES;
				CLANG_WARN_DEPRECATED_OBJC_IMPLEMENTATIONS = YES;
				CLANG_WARN_DIRECT_OBJC_ISA_USAGE = YES_ERROR;
				CLANG_WARN_DOCUMENTATION_COMMENTS = YES;
				CLANG_WARN_EMPTY_BODY = YES;
				CLANG_WARN_ENUM_CONVERSION = YES;
				CLANG_WARN_INFINITE_RECURSION = YES;
				CLANG_WARN_INT_CONVERSION = YES;
				CLANG_WARN_NON_LITERAL_NULL_CONVERSION = YES;
				CLANG_WARN_OBJC_IMPLICIT_RETAIN_SELF = YES;
				CLANG_WARN_OBJC_LITERAL_CONVERSION = YES;
				CLANG_WARN_OBJC_ROOT_CLASS = YES_ERROR;
				CLANG_WARN_QUOTED_INCLUDE_IN_FRAMEWORK_HEADER = YES;
				CLANG_WARN_RANGE_LOOP_ANALYSIS = YES;
				CLANG_WARN_STRICT_PROTOTYPES = YES;
				CLANG_WARN_SUSPICIOUS_MOVE = YES;
				CLANG_WARN_UNGUARDED_AVAILABILITY = YES_AGGRESSIVE;
				CLANG_WARN_UNREACHABLE_CODE = YES;
				CLANG_WARN__DUPLICATE_METHOD_MATCH = YES;
				COPY_PHASE_STRIP = NO;
				DEBUG_INFORMATION_FORMAT = "dwarf-with-dsym";
				ENABLE_NS_ASSERTIONS = NO;
				ENABLE_STRICT_OBJC_MSGSEND = YES;
				ENABLE_USER_SCRIPT_SANDBOXING = YES;
				GCC_C_LANGUAGE_STANDARD = gnu17;
				GCC_NO_COMMON_BLOCKS = YES;
				GCC_WARN_64_TO_32_BIT_CONVERSION = YES;
				GCC_WARN_ABOUT_RETURN_TYPE = YES_ERROR;
				GCC_WARN_UNDECLARED_SELECTOR = YES;
				GCC_WARN_UNINITIALIZED_AUTOS = YES_AGGRESSIVE;
				GCC_WARN_UNUSED_FUNCTION = YES;
				GCC_WARN_UNUSED_VARIABLE = YES;
				IPHONEOS_DEPLOYMENT_TARGET = 18.2;
				LOCALIZATION_PREFERS_STRING_CATALOGS = YES;
				MTL_ENABLE_DEBUG_INFO = NO;
				MTL_FAST_MATH = YES;
				SDKROOT = iphoneos;
				SWIFT_COMPILATION_MODE = wholemodule;
				VALIDATE_PRODUCT = YES;
			};
			name = Release;
		};
		68C2DD792D0B520100E5446A /* Debug */ = {
			isa = XCBuildConfiguration;
			buildSettings = {
				BUNDLE_LOADER = "$(TEST_HOST)";
				CODE_SIGN_STYLE = Automatic;
				CURRENT_PROJECT_VERSION = 1;
				DEVELOPMENT_TEAM = QJXN2VNPT8;
				GENERATE_INFOPLIST_FILE = YES;
				IPHONEOS_DEPLOYMENT_TARGET = 18.2;
				MARKETING_VERSION = 1.0;
				PRODUCT_BUNDLE_IDENTIFIER = "com.ADogsLifeProductions.Voice-ClipboardTests";
				PRODUCT_NAME = "$(TARGET_NAME)";
				SWIFT_EMIT_LOC_STRINGS = NO;
				SWIFT_VERSION = 5.0;
				TARGETED_DEVICE_FAMILY = "1,2";
				TEST_HOST = "$(BUILT_PRODUCTS_DIR)/Voice Clipboard.app/$(BUNDLE_EXECUTABLE_FOLDER_PATH)/Voice Clipboard";
			};
			name = Debug;
		};
		68C2DD7A2D0B520100E5446A /* Release */ = {
			isa = XCBuildConfiguration;
			buildSettings = {
				BUNDLE_LOADER = "$(TEST_HOST)";
				CODE_SIGN_STYLE = Automatic;
				CURRENT_PROJECT_VERSION = 1;
				DEVELOPMENT_TEAM = QJXN2VNPT8;
				GENERATE_INFOPLIST_FILE = YES;
				IPHONEOS_DEPLOYMENT_TARGET = 18.2;
				MARKETING_VERSION = 1.0;
				PRODUCT_BUNDLE_IDENTIFIER = "com.ADogsLifeProductions.Voice-ClipboardTests";
				PRODUCT_NAME = "$(TARGET_NAME)";
				SWIFT_EMIT_LOC_STRINGS = NO;
				SWIFT_VERSION = 5.0;
				TARGETED_DEVICE_FAMILY = "1,2";
				TEST_HOST = "$(BUILT_PRODUCTS_DIR)/Voice Clipboard.app/$(BUNDLE_EXECUTABLE_FOLDER_PATH)/Voice Clipboard";
			};
			name = Release;
		};
		68C2DD7C2D0B520100E5446A /* Debug */ = {
			isa = XCBuildConfiguration;
			buildSettings = {
				CODE_SIGN_STYLE = Automatic;
				CURRENT_PROJECT_VERSION = 1;
				DEVELOPMENT_TEAM = QJXN2VNPT8;
				GENERATE_INFOPLIST_FILE = YES;
				MARKETING_VERSION = 1.0;
				PRODUCT_BUNDLE_IDENTIFIER = "com.ADogsLifeProductions.Voice-ClipboardUITests";
				PRODUCT_NAME = "$(TARGET_NAME)";
				SWIFT_EMIT_LOC_STRINGS = NO;
				SWIFT_VERSION = 5.0;
				TARGETED_DEVICE_FAMILY = "1,2";
				TEST_TARGET_NAME = "Voice Clipboard";
			};
			name = Debug;
		};
		68C2DD7D2D0B520100E5446A /* Release */ = {
			isa = XCBuildConfiguration;
			buildSettings = {
				CODE_SIGN_STYLE = Automatic;
				CURRENT_PROJECT_VERSION = 1;
				DEVELOPMENT_TEAM = QJXN2VNPT8;
				GENERATE_INFOPLIST_FILE = YES;
				MARKETING_VERSION = 1.0;
				PRODUCT_BUNDLE_IDENTIFIER = "com.ADogsLifeProductions.Voice-ClipboardUITests";
				PRODUCT_NAME = "$(TARGET_NAME)";
				SWIFT_EMIT_LOC_STRINGS = NO;
				SWIFT_VERSION = 5.0;
				TARGETED_DEVICE_FAMILY = "1,2";
				TEST_TARGET_NAME = "Voice Clipboard";
			};
			name = Release;
		};
/* End XCBuildConfiguration section */

/* Begin XCConfigurationList section */
		68C2DD472D0B520000E5446A /* Build configuration list for PBXProject "Voice Clipboard" */ = {
			isa = XCConfigurationList;
			buildConfigurations = (
				68C2DD762D0B520100E5446A /* Debug */,
				68C2DD772D0B520100E5446A /* Release */,
			);
			defaultConfigurationIsVisible = 0;
			defaultConfigurationName = Release;
		};
		68C2DD732D0B520100E5446A /* Build configuration list for PBXNativeTarget "Voice Clipboard" */ = {
			isa = XCConfigurationList;
			buildConfigurations = (
				68C2DD742D0B520100E5446A /* Debug */,
				68C2DD752D0B520100E5446A /* Release */,
			);
			defaultConfigurationIsVisible = 0;
			defaultConfigurationName = Release;
		};
		68C2DD782D0B520100E5446A /* Build configuration list for PBXNativeTarget "Voice ClipboardTests" */ = {
			isa = XCConfigurationList;
			buildConfigurations = (
				68C2DD792D0B520100E5446A /* Debug */,
				68C2DD7A2D0B520100E5446A /* Release */,
			);
			defaultConfigurationIsVisible = 0;
			defaultConfigurationName = Release;
		};
		68C2DD7B2D0B520100E5446A /* Build configuration list for PBXNativeTarget "Voice ClipboardUITests" */ = {
			isa = XCConfigurationList;
			buildConfigurations = (
				68C2DD7C2D0B520100E5446A /* Debug */,
				68C2DD7D2D0B520100E5446A /* Release */,
			);
			defaultConfigurationIsVisible = 0;
			defaultConfigurationName = Release;
		};
/* End XCConfigurationList section */
	};
	rootObject = 68C2DD442D0B520000E5446A /* Project object */;
}
